
Microsoft Visual Studio Solution File, Format Version 12.00
# Visual Studio Version 16
VisualStudioVersion = 16.0.29509.3
MinimumVisualStudioVersion = 10.0.40219.1
Project("{2150E333-8FDC-42A3-9474-1A3956D46DE8}") = "Tests", "Tests", "{02ADBA96-A50C-44F0-A9D9-FA0629AA2DF4}"
EndProject
Project("{FAE04EC0-301F-11D3-BF4B-00C04F79EFBC}") = "WalletFramework.SdJwtVc", "WalletFramework.SdJwtVc\WalletFramework.SdJwtVc.csproj", "{FE43A9CD-1E5B-4F1F-BA08-A4A7E9A131FD}"
EndProject
Project("{FAE04EC0-301F-11D3-BF4B-00C04F79EFBC}") = "WalletFramework.SdJwtVc.Tests", "..\test\WalletFramework.SdJwtVc.Tests\WalletFramework.SdJwtVc.Tests.csproj", "{16BE497A-1ED7-41CD-AD68-BEB0E2A0AC0B}"
EndProject
Project("{FAE04EC0-301F-11D3-BF4B-00C04F79EFBC}") = "WalletFramework.MdocLib", "WalletFramework.MdocLib\WalletFramework.MdocLib.csproj", "{0EDD27CB-967F-4451-81AE-309E7F534F1C}"
EndProject
Project("{FAE04EC0-301F-11D3-BF4B-00C04F79EFBC}") = "WalletFramework.MdocLib.Tests", "..\test\WalletFramework.MdocLib.Tests\WalletFramework.MdocLib.Tests.csproj", "{15D8778B-F83C-4DDF-B30E-8F95F79ACAE8}"
EndProject
Project("{FAE04EC0-301F-11D3-BF4B-00C04F79EFBC}") = "WalletFramework.MdocVc", "WalletFramework.MdocVc\WalletFramework.MdocVc.csproj", "{D1ABF6E9-AD2C-4068-A86F-D35E78C187B7}"
EndProject
Project("{FAE04EC0-301F-11D3-BF4B-00C04F79EFBC}") = "WalletFramework.MdocVc.Tests", "..\test\WalletFramework.MdocVc.Tests\WalletFramework.MdocVc.Tests.csproj", "{A7DC0511-DE0A-4EC2-8CC1-197FB81D7A76}"
EndProject
Project("{FAE04EC0-301F-11D3-BF4B-00C04F79EFBC}") = "WalletFramework.Core", "WalletFramework.Core\WalletFramework.Core.csproj", "{F6B3A24B-CDA2-4CC1-9F68-380203355099}"
EndProject
Project("{FAE04EC0-301F-11D3-BF4B-00C04F79EFBC}") = "WalletFramework.IsoProximity", "WalletFramework.IsoProximity\WalletFramework.IsoProximity.csproj", "{0CF48F14-6FC3-4AD9-875D-27A96DAB34D3}"
EndProject
Project("{FAE04EC0-301F-11D3-BF4B-00C04F79EFBC}") = "WalletFramework.Core.Tests", "..\test\WalletFramework.Core.Tests\WalletFramework.Core.Tests.csproj", "{BBD79F15-66E1-47A2-819E-A0644F514E40}"
EndProject
Project("{FAE04EC0-301F-11D3-BF4B-00C04F79EFBC}") = "WalletFramework.Storage", "WalletFramework.Storage\WalletFramework.Storage.csproj", "{FF8D91C6-9898-4B5E-8F70-194BCC508040}"
EndProject
Project("{FAE04EC0-301F-11D3-BF4B-00C04F79EFBC}") = "WalletFramework.Storage.Tests", "..\test\WalletFramework.Storage.Tests\WalletFramework.Storage.Tests.csproj", "{906E432F-DED1-4710-80C2-41D7EA8378D0}"
EndProject
Project("{FAE04EC0-301F-11D3-BF4B-00C04F79EFBC}") = "WalletFramework.Storage.Unencrypted", "WalletFramework.Storage.Unencrypted\WalletFramework.Storage.Unencrypted.csproj", "{95B57AD6-1293-480E-9FC1-60D121EC7336}"
EndProject
Project("{FAE04EC0-301F-11D3-BF4B-00C04F79EFBC}") = "WalletFramework.SdJwtLib", "WalletFramework.SdJwtLib\WalletFramework.SdJwtLib.csproj", "{01F973A3-ED07-4396-8DD9-71EA691A7301}"
EndProject
Project("{FAE04EC0-301F-11D3-BF4B-00C04F79EFBC}") = "WalletFramework.SdJwtLib.Tests", "..\test\WalletFramework.SdJwtLib.Tests\WalletFramework.SdJwtLib.Tests.csproj", "{A738B5E0-959D-4A3B-A841-848961117C26}"
EndProject
Project("{2150E333-8FDC-42A3-9474-1A3956D46DE8}") = "Legacy", "Legacy", "{97FA5CC7-1EDF-4BD3-AEF1-A7BB130FE891}"
EndProject
Project("{FAE04EC0-301F-11D3-BF4B-00C04F79EFBC}") = "Hyperledger.Aries", "..\legacy\src\Hyperledger.Aries\Hyperledger.Aries.csproj", "{F95229A6-075D-46E2-B774-646C76A789E3}"
EndProject
Project("{FAE04EC0-301F-11D3-BF4B-00C04F79EFBC}") = "Hyperledger.Aries.Routing", "..\legacy\src\Hyperledger.Aries.Routing\Hyperledger.Aries.Routing.csproj", "{78679969-F4E7-4157-9921-9A6931EC8EB4}"
EndProject
Project("{FAE04EC0-301F-11D3-BF4B-00C04F79EFBC}") = "Hyperledger.Aries.Routing.Edge", "..\legacy\src\Hyperledger.Aries.Routing.Edge\Hyperledger.Aries.Routing.Edge.csproj", "{D15500F7-64EA-41A5-A717-4366E9A956A3}"
EndProject
Project("{2150E333-8FDC-42A3-9474-1A3956D46DE8}") = "Protocols", "Protocols", "{48F1B236-B3DE-41C5-935B-063BE1901305}"
EndProject
Project("{2150E333-8FDC-42A3-9474-1A3956D46DE8}") = "Credentials", "Credentials", "{491573A2-E9BA-4D22-BB39-45C02D3BB44F}"
EndProject
Project("{FAE04EC0-301F-11D3-BF4B-00C04F79EFBC}") = "WalletFramework.Oid4Vp", "WalletFramework.Oid4Vp\WalletFramework.Oid4Vp.csproj", "{6D0E2BA5-1DAC-48FF-8F3B-BAD0FEA361C7}"
EndProject
Project("{FAE04EC0-301F-11D3-BF4B-00C04F79EFBC}") = "WalletFramework.Oid4Vci", "WalletFramework.Oid4Vci\WalletFramework.Oid4Vci.csproj", "{F75116F9-9C85-4014-BBD4-9B920996BEF4}"
EndProject
Project("{FAE04EC0-301F-11D3-BF4B-00C04F79EFBC}") = "WalletFramework.WalletAttestations", "WalletFramework.WalletAttestations\WalletFramework.WalletAttestations.csproj", "{B878F49E-B1EE-497F-9E46-97E4CD56873C}"
EndProject
Project("{FAE04EC0-301F-11D3-BF4B-00C04F79EFBC}") = "WalletFramework.RelyingPartyAuthentication", "WalletFramework.RelyingPartyAuthentication\WalletFramework.RelyingPartyAuthentication.csproj", "{C4721F78-A0F3-47CD-8D62-ED19540DEB84}"
EndProject
Project("{2150E333-8FDC-42A3-9474-1A3956D46DE8}") = "Infrastructure", "Infrastructure", "{1203D4BF-B97F-449B-BB12-F2038494EF1D}"
EndProject
Project("{2150E333-8FDC-42A3-9474-1A3956D46DE8}") = "Mdoc", "Mdoc", "{5EA289F4-FE60-40E6-A0B3-487F905110CD}"
EndProject
Project("{2150E333-8FDC-42A3-9474-1A3956D46DE8}") = "SdJwt", "SdJwt", "{3B4153C5-3946-478B-AAAE-2FAFE893014A}"
EndProject
Project("{2150E333-8FDC-42A3-9474-1A3956D46DE8}") = "Credentials", "Credentials", "{2633B5A4-3DD6-4B70-950A-E74DE253D5A1}"
EndProject
Project("{2150E333-8FDC-42A3-9474-1A3956D46DE8}") = "Mdoc", "Mdoc", "{3EB08B0B-5276-4C69-B82B-5BF0C72DA7D7}"
EndProject
Project("{2150E333-8FDC-42A3-9474-1A3956D46DE8}") = "SdJwt", "SdJwt", "{B23F4DCB-F4FF-4CD8-A096-ED80414E630A}"
EndProject
Project("{2150E333-8FDC-42A3-9474-1A3956D46DE8}") = "Infrastructure", "Infrastructure", "{9E2013D3-720F-46BE-B92E-130BCDDE3D73}"
EndProject
Project("{FAE04EC0-301F-11D3-BF4B-00C04F79EFBC}") = "WalletFramework.Credentials", "WalletFramework.Credentials\WalletFramework.Credentials.csproj", "{109D28CC-A409-4975-AC6D-6F1FD96C6240}"
EndProject
Project("{FAE04EC0-301F-11D3-BF4B-00C04F79EFBC}") = "WalletFramework.Foundations", "WalletFramework.Foundations\WalletFramework.Foundations.csproj", "{08AC8A8F-31CD-4020-962F-0BA42EC644DD}"
EndProject
Project("{2150E333-8FDC-42A3-9474-1A3956D46DE8}") = "Protocols", "Protocols", "{1AE18AE7-47D7-4FCB-BCEA-16B30FBF5040}"
EndProject
Project("{FAE04EC0-301F-11D3-BF4B-00C04F79EFBC}") = "WalletFramework.Oid4Vci.Tests", "..\test\WalletFramework.Oid4Vci.Tests\WalletFramework.Oid4Vci.Tests.csproj", "{DCEDE7AB-318F-4159-BACA-F6A3AA42B0BE}"
EndProject
Project("{FAE04EC0-301F-11D3-BF4B-00C04F79EFBC}") = "WalletFramework.Oid4Vp.Tests", "..\test\WalletFramework.Oid4Vp.Tests\WalletFramework.Oid4Vp.Tests.csproj", "{CDD39093-9ADD-4E43-8E82-61BC7C0A0C53}"
EndProject
Project("{FAE04EC0-301F-11D3-BF4B-00C04F79EFBC}") = "WalletFramework.TestSamples", "WalletFramework.TestSamples\WalletFramework.TestSamples.csproj", "{4959BFBE-36D4-4211-B116-76178C8CCB17}"
EndProject
Global
	GlobalSection(SolutionConfigurationPlatforms) = preSolution
		Debug|Any CPU = Debug|Any CPU
		Release|Any CPU = Release|Any CPU
	EndGlobalSection
	GlobalSection(ProjectConfigurationPlatforms) = postSolution
		{FE43A9CD-1E5B-4F1F-BA08-A4A7E9A131FD}.Debug|Any CPU.ActiveCfg = Debug|Any CPU
		{FE43A9CD-1E5B-4F1F-BA08-A4A7E9A131FD}.Debug|Any CPU.Build.0 = Debug|Any CPU
		{FE43A9CD-1E5B-4F1F-BA08-A4A7E9A131FD}.Release|Any CPU.ActiveCfg = Release|Any CPU
		{FE43A9CD-1E5B-4F1F-BA08-A4A7E9A131FD}.Release|Any CPU.Build.0 = Release|Any CPU
		{16BE497A-1ED7-41CD-AD68-BEB0E2A0AC0B}.Debug|Any CPU.ActiveCfg = Debug|Any CPU
		{16BE497A-1ED7-41CD-AD68-BEB0E2A0AC0B}.Debug|Any CPU.Build.0 = Debug|Any CPU
		{16BE497A-1ED7-41CD-AD68-BEB0E2A0AC0B}.Release|Any CPU.ActiveCfg = Release|Any CPU
		{16BE497A-1ED7-41CD-AD68-BEB0E2A0AC0B}.Release|Any CPU.Build.0 = Release|Any CPU
		{0EDD27CB-967F-4451-81AE-309E7F534F1C}.Debug|Any CPU.ActiveCfg = Debug|Any CPU
		{0EDD27CB-967F-4451-81AE-309E7F534F1C}.Debug|Any CPU.Build.0 = Debug|Any CPU
		{0EDD27CB-967F-4451-81AE-309E7F534F1C}.Release|Any CPU.ActiveCfg = Release|Any CPU
		{0EDD27CB-967F-4451-81AE-309E7F534F1C}.Release|Any CPU.Build.0 = Release|Any CPU
		{15D8778B-F83C-4DDF-B30E-8F95F79ACAE8}.Debug|Any CPU.ActiveCfg = Debug|Any CPU
		{15D8778B-F83C-4DDF-B30E-8F95F79ACAE8}.Debug|Any CPU.Build.0 = Debug|Any CPU
		{15D8778B-F83C-4DDF-B30E-8F95F79ACAE8}.Release|Any CPU.ActiveCfg = Release|Any CPU
		{15D8778B-F83C-4DDF-B30E-8F95F79ACAE8}.Release|Any CPU.Build.0 = Release|Any CPU
		{D1ABF6E9-AD2C-4068-A86F-D35E78C187B7}.Debug|Any CPU.ActiveCfg = Debug|Any CPU
		{D1ABF6E9-AD2C-4068-A86F-D35E78C187B7}.Debug|Any CPU.Build.0 = Debug|Any CPU
		{D1ABF6E9-AD2C-4068-A86F-D35E78C187B7}.Release|Any CPU.ActiveCfg = Release|Any CPU
		{D1ABF6E9-AD2C-4068-A86F-D35E78C187B7}.Release|Any CPU.Build.0 = Release|Any CPU
		{A7DC0511-DE0A-4EC2-8CC1-197FB81D7A76}.Debug|Any CPU.ActiveCfg = Debug|Any CPU
		{A7DC0511-DE0A-4EC2-8CC1-197FB81D7A76}.Debug|Any CPU.Build.0 = Debug|Any CPU
		{A7DC0511-DE0A-4EC2-8CC1-197FB81D7A76}.Release|Any CPU.ActiveCfg = Release|Any CPU
		{A7DC0511-DE0A-4EC2-8CC1-197FB81D7A76}.Release|Any CPU.Build.0 = Release|Any CPU
		{F6B3A24B-CDA2-4CC1-9F68-380203355099}.Debug|Any CPU.ActiveCfg = Debug|Any CPU
		{F6B3A24B-CDA2-4CC1-9F68-380203355099}.Debug|Any CPU.Build.0 = Debug|Any CPU
		{F6B3A24B-CDA2-4CC1-9F68-380203355099}.Release|Any CPU.ActiveCfg = Release|Any CPU
		{F6B3A24B-CDA2-4CC1-9F68-380203355099}.Release|Any CPU.Build.0 = Release|Any CPU
		{0CF48F14-6FC3-4AD9-875D-27A96DAB34D3}.Debug|Any CPU.ActiveCfg = Debug|Any CPU
		{0CF48F14-6FC3-4AD9-875D-27A96DAB34D3}.Debug|Any CPU.Build.0 = Debug|Any CPU
		{0CF48F14-6FC3-4AD9-875D-27A96DAB34D3}.Release|Any CPU.ActiveCfg = Release|Any CPU
		{0CF48F14-6FC3-4AD9-875D-27A96DAB34D3}.Release|Any CPU.Build.0 = Release|Any CPU
		{BBD79F15-66E1-47A2-819E-A0644F514E40}.Debug|Any CPU.ActiveCfg = Debug|Any CPU
		{BBD79F15-66E1-47A2-819E-A0644F514E40}.Debug|Any CPU.Build.0 = Debug|Any CPU
		{BBD79F15-66E1-47A2-819E-A0644F514E40}.Release|Any CPU.ActiveCfg = Release|Any CPU
		{BBD79F15-66E1-47A2-819E-A0644F514E40}.Release|Any CPU.Build.0 = Release|Any CPU
		{FF8D91C6-9898-4B5E-8F70-194BCC508040}.Debug|Any CPU.ActiveCfg = Debug|Any CPU
		{FF8D91C6-9898-4B5E-8F70-194BCC508040}.Debug|Any CPU.Build.0 = Debug|Any CPU
		{FF8D91C6-9898-4B5E-8F70-194BCC508040}.Release|Any CPU.ActiveCfg = Release|Any CPU
		{FF8D91C6-9898-4B5E-8F70-194BCC508040}.Release|Any CPU.Build.0 = Release|Any CPU
		{906E432F-DED1-4710-80C2-41D7EA8378D0}.Debug|Any CPU.ActiveCfg = Debug|Any CPU
		{906E432F-DED1-4710-80C2-41D7EA8378D0}.Debug|Any CPU.Build.0 = Debug|Any CPU
		{906E432F-DED1-4710-80C2-41D7EA8378D0}.Release|Any CPU.ActiveCfg = Release|Any CPU
		{906E432F-DED1-4710-80C2-41D7EA8378D0}.Release|Any CPU.Build.0 = Release|Any CPU
		{95B57AD6-1293-480E-9FC1-60D121EC7336}.Debug|Any CPU.ActiveCfg = Debug|Any CPU
		{95B57AD6-1293-480E-9FC1-60D121EC7336}.Debug|Any CPU.Build.0 = Debug|Any CPU
		{95B57AD6-1293-480E-9FC1-60D121EC7336}.Release|Any CPU.ActiveCfg = Release|Any CPU
		{95B57AD6-1293-480E-9FC1-60D121EC7336}.Release|Any CPU.Build.0 = Release|Any CPU
		{01F973A3-ED07-4396-8DD9-71EA691A7301}.Debug|Any CPU.ActiveCfg = Debug|Any CPU
		{01F973A3-ED07-4396-8DD9-71EA691A7301}.Debug|Any CPU.Build.0 = Debug|Any CPU
		{01F973A3-ED07-4396-8DD9-71EA691A7301}.Release|Any CPU.ActiveCfg = Release|Any CPU
		{01F973A3-ED07-4396-8DD9-71EA691A7301}.Release|Any CPU.Build.0 = Release|Any CPU
		{A738B5E0-959D-4A3B-A841-848961117C26}.Debug|Any CPU.ActiveCfg = Debug|Any CPU
		{A738B5E0-959D-4A3B-A841-848961117C26}.Debug|Any CPU.Build.0 = Debug|Any CPU
		{A738B5E0-959D-4A3B-A841-848961117C26}.Release|Any CPU.ActiveCfg = Release|Any CPU
		{A738B5E0-959D-4A3B-A841-848961117C26}.Release|Any CPU.Build.0 = Release|Any CPU
		{F95229A6-075D-46E2-B774-646C76A789E3}.Debug|Any CPU.ActiveCfg = Debug|Any CPU
		{F95229A6-075D-46E2-B774-646C76A789E3}.Debug|Any CPU.Build.0 = Debug|Any CPU
		{F95229A6-075D-46E2-B774-646C76A789E3}.Release|Any CPU.ActiveCfg = Release|Any CPU
		{F95229A6-075D-46E2-B774-646C76A789E3}.Release|Any CPU.Build.0 = Release|Any CPU
		{78679969-F4E7-4157-9921-9A6931EC8EB4}.Debug|Any CPU.ActiveCfg = Debug|Any CPU
		{78679969-F4E7-4157-9921-9A6931EC8EB4}.Debug|Any CPU.Build.0 = Debug|Any CPU
		{78679969-F4E7-4157-9921-9A6931EC8EB4}.Release|Any CPU.ActiveCfg = Release|Any CPU
		{78679969-F4E7-4157-9921-9A6931EC8EB4}.Release|Any CPU.Build.0 = Release|Any CPU
		{D15500F7-64EA-41A5-A717-4366E9A956A3}.Debug|Any CPU.ActiveCfg = Debug|Any CPU
		{D15500F7-64EA-41A5-A717-4366E9A956A3}.Debug|Any CPU.Build.0 = Debug|Any CPU
		{D15500F7-64EA-41A5-A717-4366E9A956A3}.Release|Any CPU.ActiveCfg = Release|Any CPU
		{D15500F7-64EA-41A5-A717-4366E9A956A3}.Release|Any CPU.Build.0 = Release|Any CPU
		{6D0E2BA5-1DAC-48FF-8F3B-BAD0FEA361C7}.Debug|Any CPU.ActiveCfg = Debug|Any CPU
		{6D0E2BA5-1DAC-48FF-8F3B-BAD0FEA361C7}.Debug|Any CPU.Build.0 = Debug|Any CPU
		{6D0E2BA5-1DAC-48FF-8F3B-BAD0FEA361C7}.Release|Any CPU.ActiveCfg = Release|Any CPU
		{6D0E2BA5-1DAC-48FF-8F3B-BAD0FEA361C7}.Release|Any CPU.Build.0 = Release|Any CPU
		{F75116F9-9C85-4014-BBD4-9B920996BEF4}.Debug|Any CPU.ActiveCfg = Debug|Any CPU
		{F75116F9-9C85-4014-BBD4-9B920996BEF4}.Debug|Any CPU.Build.0 = Debug|Any CPU
		{F75116F9-9C85-4014-BBD4-9B920996BEF4}.Release|Any CPU.ActiveCfg = Release|Any CPU
		{F75116F9-9C85-4014-BBD4-9B920996BEF4}.Release|Any CPU.Build.0 = Release|Any CPU
		{B878F49E-B1EE-497F-9E46-97E4CD56873C}.Debug|Any CPU.ActiveCfg = Debug|Any CPU
		{B878F49E-B1EE-497F-9E46-97E4CD56873C}.Debug|Any CPU.Build.0 = Debug|Any CPU
		{B878F49E-B1EE-497F-9E46-97E4CD56873C}.Release|Any CPU.ActiveCfg = Release|Any CPU
		{B878F49E-B1EE-497F-9E46-97E4CD56873C}.Release|Any CPU.Build.0 = Release|Any CPU
		{C4721F78-A0F3-47CD-8D62-ED19540DEB84}.Debug|Any CPU.ActiveCfg = Debug|Any CPU
		{C4721F78-A0F3-47CD-8D62-ED19540DEB84}.Debug|Any CPU.Build.0 = Debug|Any CPU
		{C4721F78-A0F3-47CD-8D62-ED19540DEB84}.Release|Any CPU.ActiveCfg = Release|Any CPU
		{C4721F78-A0F3-47CD-8D62-ED19540DEB84}.Release|Any CPU.Build.0 = Release|Any CPU
		{109D28CC-A409-4975-AC6D-6F1FD96C6240}.Debug|Any CPU.ActiveCfg = Debug|Any CPU
		{109D28CC-A409-4975-AC6D-6F1FD96C6240}.Debug|Any CPU.Build.0 = Debug|Any CPU
		{109D28CC-A409-4975-AC6D-6F1FD96C6240}.Release|Any CPU.ActiveCfg = Release|Any CPU
		{109D28CC-A409-4975-AC6D-6F1FD96C6240}.Release|Any CPU.Build.0 = Release|Any CPU
		{08AC8A8F-31CD-4020-962F-0BA42EC644DD}.Debug|Any CPU.ActiveCfg = Debug|Any CPU
		{08AC8A8F-31CD-4020-962F-0BA42EC644DD}.Debug|Any CPU.Build.0 = Debug|Any CPU
		{08AC8A8F-31CD-4020-962F-0BA42EC644DD}.Release|Any CPU.ActiveCfg = Release|Any CPU
		{08AC8A8F-31CD-4020-962F-0BA42EC644DD}.Release|Any CPU.Build.0 = Release|Any CPU
		{DCEDE7AB-318F-4159-BACA-F6A3AA42B0BE}.Debug|Any CPU.ActiveCfg = Debug|Any CPU
		{DCEDE7AB-318F-4159-BACA-F6A3AA42B0BE}.Debug|Any CPU.Build.0 = Debug|Any CPU
		{DCEDE7AB-318F-4159-BACA-F6A3AA42B0BE}.Release|Any CPU.ActiveCfg = Release|Any CPU
		{DCEDE7AB-318F-4159-BACA-F6A3AA42B0BE}.Release|Any CPU.Build.0 = Release|Any CPU
		{CDD39093-9ADD-4E43-8E82-61BC7C0A0C53}.Debug|Any CPU.ActiveCfg = Debug|Any CPU
		{CDD39093-9ADD-4E43-8E82-61BC7C0A0C53}.Debug|Any CPU.Build.0 = Debug|Any CPU
		{CDD39093-9ADD-4E43-8E82-61BC7C0A0C53}.Release|Any CPU.ActiveCfg = Release|Any CPU
		{CDD39093-9ADD-4E43-8E82-61BC7C0A0C53}.Release|Any CPU.Build.0 = Release|Any CPU
		{4959BFBE-36D4-4211-B116-76178C8CCB17}.Debug|Any CPU.ActiveCfg = Debug|Any CPU
		{4959BFBE-36D4-4211-B116-76178C8CCB17}.Debug|Any CPU.Build.0 = Debug|Any CPU
		{4959BFBE-36D4-4211-B116-76178C8CCB17}.Release|Any CPU.ActiveCfg = Release|Any CPU
		{4959BFBE-36D4-4211-B116-76178C8CCB17}.Release|Any CPU.Build.0 = Release|Any CPU
	EndGlobalSection
	GlobalSection(SolutionProperties) = preSolution
		HideSolutionNode = FALSE
	EndGlobalSection
	GlobalSection(NestedProjects) = preSolution
		{BBD79F15-66E1-47A2-819E-A0644F514E40} = {02ADBA96-A50C-44F0-A9D9-FA0629AA2DF4}
		{F95229A6-075D-46E2-B774-646C76A789E3} = {97FA5CC7-1EDF-4BD3-AEF1-A7BB130FE891}
		{78679969-F4E7-4157-9921-9A6931EC8EB4} = {97FA5CC7-1EDF-4BD3-AEF1-A7BB130FE891}
		{D15500F7-64EA-41A5-A717-4366E9A956A3} = {97FA5CC7-1EDF-4BD3-AEF1-A7BB130FE891}
		{6D0E2BA5-1DAC-48FF-8F3B-BAD0FEA361C7} = {48F1B236-B3DE-41C5-935B-063BE1901305}
		{F75116F9-9C85-4014-BBD4-9B920996BEF4} = {48F1B236-B3DE-41C5-935B-063BE1901305}
		{B878F49E-B1EE-497F-9E46-97E4CD56873C} = {48F1B236-B3DE-41C5-935B-063BE1901305}
		{C4721F78-A0F3-47CD-8D62-ED19540DEB84} = {48F1B236-B3DE-41C5-935B-063BE1901305}
		{0CF48F14-6FC3-4AD9-875D-27A96DAB34D3} = {48F1B236-B3DE-41C5-935B-063BE1901305}
		{FF8D91C6-9898-4B5E-8F70-194BCC508040} = {1203D4BF-B97F-449B-BB12-F2038494EF1D}
		{95B57AD6-1293-480E-9FC1-60D121EC7336} = {1203D4BF-B97F-449B-BB12-F2038494EF1D}
		{5EA289F4-FE60-40E6-A0B3-487F905110CD} = {491573A2-E9BA-4D22-BB39-45C02D3BB44F}
		{0EDD27CB-967F-4451-81AE-309E7F534F1C} = {5EA289F4-FE60-40E6-A0B3-487F905110CD}
		{D1ABF6E9-AD2C-4068-A86F-D35E78C187B7} = {5EA289F4-FE60-40E6-A0B3-487F905110CD}
		{3B4153C5-3946-478B-AAAE-2FAFE893014A} = {491573A2-E9BA-4D22-BB39-45C02D3BB44F}
		{01F973A3-ED07-4396-8DD9-71EA691A7301} = {3B4153C5-3946-478B-AAAE-2FAFE893014A}
		{FE43A9CD-1E5B-4F1F-BA08-A4A7E9A131FD} = {3B4153C5-3946-478B-AAAE-2FAFE893014A}
		{2633B5A4-3DD6-4B70-950A-E74DE253D5A1} = {02ADBA96-A50C-44F0-A9D9-FA0629AA2DF4}
		{3EB08B0B-5276-4C69-B82B-5BF0C72DA7D7} = {2633B5A4-3DD6-4B70-950A-E74DE253D5A1}
		{B23F4DCB-F4FF-4CD8-A096-ED80414E630A} = {2633B5A4-3DD6-4B70-950A-E74DE253D5A1}
		{15D8778B-F83C-4DDF-B30E-8F95F79ACAE8} = {3EB08B0B-5276-4C69-B82B-5BF0C72DA7D7}
		{A7DC0511-DE0A-4EC2-8CC1-197FB81D7A76} = {3EB08B0B-5276-4C69-B82B-5BF0C72DA7D7}
		{A738B5E0-959D-4A3B-A841-848961117C26} = {B23F4DCB-F4FF-4CD8-A096-ED80414E630A}
		{16BE497A-1ED7-41CD-AD68-BEB0E2A0AC0B} = {B23F4DCB-F4FF-4CD8-A096-ED80414E630A}
		{9E2013D3-720F-46BE-B92E-130BCDDE3D73} = {02ADBA96-A50C-44F0-A9D9-FA0629AA2DF4}
		{906E432F-DED1-4710-80C2-41D7EA8378D0} = {9E2013D3-720F-46BE-B92E-130BCDDE3D73}
		{109D28CC-A409-4975-AC6D-6F1FD96C6240} = {491573A2-E9BA-4D22-BB39-45C02D3BB44F}
		{1AE18AE7-47D7-4FCB-BCEA-16B30FBF5040} = {02ADBA96-A50C-44F0-A9D9-FA0629AA2DF4}
		{DCEDE7AB-318F-4159-BACA-F6A3AA42B0BE} = {1AE18AE7-47D7-4FCB-BCEA-16B30FBF5040}
		{CDD39093-9ADD-4E43-8E82-61BC7C0A0C53} = {1AE18AE7-47D7-4FCB-BCEA-16B30FBF5040}
		{4959BFBE-36D4-4211-B116-76178C8CCB17} = {02ADBA96-A50C-44F0-A9D9-FA0629AA2DF4}
	EndGlobalSection
	GlobalSection(ExtensibilityGlobals) = postSolution
		SolutionGuid = {4FFA80F9-ADC6-40DB-BBD1-A522B8A68560}
	EndGlobalSection
EndGlobal
