
Microsoft Visual Studio Solution File, Format Version 12.00
# Visual Studio Version 16
VisualStudioVersion = 16.0.29509.3
MinimumVisualStudioVersion = 10.0.40219.1
Project("{2150E333-8FDC-42A3-9474-1A3956D46DE8}") = "Tests", "Tests", "{02ADBA96-A50C-44F0-A9D9-FA0629AA2DF4}"
EndProject
Project("{2150E333-8FDC-42A3-9474-1A3956D46DE8}") = "Aries", "Aries", "{73FF6DBD-5847-4F2D-94BE-196AE9A80228}"
EndProject
Project("{9A19103F-16F7-4668-BE54-9A1E7A4F7556}") = "Hyperledger.Aries.Tests", "..\test\Hyperledger.Aries.Tests\Hyperledger.Aries.Tests.csproj", "{A930D0EF-8D15-447B-B8BC-32D29F06CF18}"
EndProject
Project("{9A19103F-16F7-4668-BE54-9A1E7A4F7556}") = "Hyperledger.Aries", "Hyperledger.Aries\Hyperledger.Aries.csproj", "{CC5370E0-290A-424B-8AB1-E022AC303479}"
EndProject
Project("{9A19103F-16F7-4668-BE54-9A1E7A4F7556}") = "Hyperledger.Aries.TestHarness", "Hyperledger.Aries.TestHarness\Hyperledger.Aries.TestHarness.csproj", "{F758A7A6-F048-4B68-AA6A-35851F3048AE}"
EndProject
Project("{9A19103F-16F7-4668-BE54-9A1E7A4F7556}") = "Hyperledger.Aries.AspNetCore", "Hyperledger.Aries.AspNetCore\Hyperledger.Aries.AspNetCore.csproj", "{8E275FAC-8513-4027-A271-6EDD8404E800}"
EndProject
Project("{9A19103F-16F7-4668-BE54-9A1E7A4F7556}") = "Hyperledger.Aries.Payments.SovrinToken", "Hyperledger.Aries.Payments.SovrinToken\Hyperledger.Aries.Payments.SovrinToken.csproj", "{78AACB12-E8C1-4B09-A547-DE60AA74D4CF}"
EndProject
Project("{2150E333-8FDC-42A3-9474-1A3956D46DE8}") = "Routing", "Routing", "{50CA144B-F3EE-4FFC-B07C-C0E5959DAA82}"
EndProject
Project("{9A19103F-16F7-4668-BE54-9A1E7A4F7556}") = "Hyperledger.Aries.Routing", "Hyperledger.Aries.Routing\Hyperledger.Aries.Routing.csproj", "{B730DE35-80ED-4372-9D9F-23B14353150C}"
EndProject
Project("{9A19103F-16F7-4668-BE54-9A1E7A4F7556}") = "Hyperledger.Aries.Routing.Mediator", "Hyperledger.Aries.Routing.Mediator\Hyperledger.Aries.Routing.Mediator.csproj", "{D963131D-96EC-4DF5-8147-D77E75DCAE67}"
EndProject
Project("{9A19103F-16F7-4668-BE54-9A1E7A4F7556}") = "Hyperledger.Aries.Routing.Edge", "Hyperledger.Aries.Routing.Edge\Hyperledger.Aries.Routing.Edge.csproj", "{B76E800A-C3C1-4E42-AC60-24F70AF304BE}"
EndProject
Project("{9A19103F-16F7-4668-BE54-9A1E7A4F7556}") = "Hyperledger.Aries.AspNetCore.Contracts", "Hyperledger.Aries.AspNetCore.Contracts\Hyperledger.Aries.AspNetCore.Contracts.csproj", "{C35CAB46-4192-4BED-BB1A-0956B5136E96}"
EndProject
Project("{2150E333-8FDC-42A3-9474-1A3956D46DE8}") = "Oid4Vc", "Oid4Vc", "{615A7979-79AD-4485-805F-3F4B772510CD}"
EndProject
Project("{FAE04EC0-301F-11D3-BF4B-00C04F79EFBC}") = "WalletFramework.SdJwtVc", "WalletFramework.SdJwtVc\WalletFramework.SdJwtVc.csproj", "{FE43A9CD-1E5B-4F1F-BA08-A4A7E9A131FD}"
EndProject
Project("{FAE04EC0-301F-11D3-BF4B-00C04F79EFBC}") = "WalletFramework.Oid4Vc", "WalletFramework.Oid4Vc\WalletFramework.Oid4Vc.csproj", "{E3A38EF1-E578-453C-B836-4C84695FE7CB}"
EndProject
Project("{FAE04EC0-301F-11D3-BF4B-00C04F79EFBC}") = "WalletFramework.Oid4Vc.Tests", "..\test\WalletFramework.Oid4Vc.Tests\WalletFramework.Oid4Vc.Tests.csproj", "{8E8B8EFA-3AFE-4D17-B381-8C230A86DB88}"
EndProject
Project("{FAE04EC0-301F-11D3-BF4B-00C04F79EFBC}") = "WalletFramework.SdJwtVc.Tests", "..\test\WalletFramework.SdJwtVc.Tests\WalletFramework.SdJwtVc.Tests.csproj", "{16BE497A-1ED7-41CD-AD68-BEB0E2A0AC0B}"
EndProject
Project("{FAE04EC0-301F-11D3-BF4B-00C04F79EFBC}") = "WalletFramework.MdocLib", "WalletFramework.MdocLib\WalletFramework.MdocLib.csproj", "{0EDD27CB-967F-4451-81AE-309E7F534F1C}"
EndProject
Project("{FAE04EC0-301F-11D3-BF4B-00C04F79EFBC}") = "WalletFramework.MdocLib.Tests", "..\test\WalletFramework.MdocLib.Tests\WalletFramework.MdocLib.Tests.csproj", "{15D8778B-F83C-4DDF-B30E-8F95F79ACAE8}"
EndProject
Project("{FAE04EC0-301F-11D3-BF4B-00C04F79EFBC}") = "WalletFramework.MdocVc", "WalletFramework.MdocVc\WalletFramework.MdocVc.csproj", "{D1ABF6E9-AD2C-4068-A86F-D35E78C187B7}"
EndProject
Project("{FAE04EC0-301F-11D3-BF4B-00C04F79EFBC}") = "WalletFramework.MdocVc.Tests", "..\test\WalletFramework.MdocVc.Tests\WalletFramework.MdocVc.Tests.csproj", "{A7DC0511-DE0A-4EC2-8CC1-197FB81D7A76}"
EndProject
Project("{FAE04EC0-301F-11D3-BF4B-00C04F79EFBC}") = "WalletFramework.Core", "WalletFramework.Core\WalletFramework.Core.csproj", "{F6B3A24B-CDA2-4CC1-9F68-380203355099}"
EndProject
Project("{2150E333-8FDC-42A3-9474-1A3956D46DE8}") = "Core", "Core", "{873772C5-60B9-442B-B06E-C279919B963C}"
EndProject
Project("{2150E333-8FDC-42A3-9474-1A3956D46DE8}") = "Mdoc", "Mdoc", "{A1DD69B3-DC35-43CF-AE14-D751722F074A}"
EndProject
Project("{FAE04EC0-301F-11D3-BF4B-00C04F79EFBC}") = "WalletFramework.Integration.Tests", "..\test\WalletFramework.Integration.Tests\WalletFramework.Integration.Tests\WalletFramework.Integration.Tests.csproj", "{70DB749B-255A-4B71-8B76-BAD6B091DA7C}"
EndProject
Project("{FAE04EC0-301F-11D3-BF4B-00C04F79EFBC}") = "WalletFramework.IsoProximity", "WalletFramework.IsoProximity\WalletFramework.IsoProximity.csproj", "{0CF48F14-6FC3-4AD9-875D-27A96DAB34D3}"
EndProject
Project("{FAE04EC0-301F-11D3-BF4B-00C04F79EFBC}") = "WalletFramework.Core.Tests", "..\test\WalletFramework.Core.Tests\WalletFramework.Core.Tests.csproj", "{BBD79F15-66E1-47A2-819E-A0644F514E40}"
EndProject
Global
	GlobalSection(SolutionConfigurationPlatforms) = preSolution
		Debug|Any CPU = Debug|Any CPU
		Release|Any CPU = Release|Any CPU
	EndGlobalSection
	GlobalSection(ProjectConfigurationPlatforms) = postSolution
		{A930D0EF-8D15-447B-B8BC-32D29F06CF18}.Debug|Any CPU.ActiveCfg = Debug|Any CPU
		{A930D0EF-8D15-447B-B8BC-32D29F06CF18}.Debug|Any CPU.Build.0 = Debug|Any CPU
		{A930D0EF-8D15-447B-B8BC-32D29F06CF18}.Release|Any CPU.ActiveCfg = Release|Any CPU
		{A930D0EF-8D15-447B-B8BC-32D29F06CF18}.Release|Any CPU.Build.0 = Release|Any CPU
		{CC5370E0-290A-424B-8AB1-E022AC303479}.Debug|Any CPU.ActiveCfg = Debug|Any CPU
		{CC5370E0-290A-424B-8AB1-E022AC303479}.Debug|Any CPU.Build.0 = Debug|Any CPU
		{CC5370E0-290A-424B-8AB1-E022AC303479}.Release|Any CPU.ActiveCfg = Release|Any CPU
		{CC5370E0-290A-424B-8AB1-E022AC303479}.Release|Any CPU.Build.0 = Release|Any CPU
		{F758A7A6-F048-4B68-AA6A-35851F3048AE}.Debug|Any CPU.ActiveCfg = Debug|Any CPU
		{F758A7A6-F048-4B68-AA6A-35851F3048AE}.Debug|Any CPU.Build.0 = Debug|Any CPU
		{F758A7A6-F048-4B68-AA6A-35851F3048AE}.Release|Any CPU.ActiveCfg = Release|Any CPU
		{F758A7A6-F048-4B68-AA6A-35851F3048AE}.Release|Any CPU.Build.0 = Release|Any CPU
		{8E275FAC-8513-4027-A271-6EDD8404E800}.Debug|Any CPU.ActiveCfg = Debug|Any CPU
		{8E275FAC-8513-4027-A271-6EDD8404E800}.Debug|Any CPU.Build.0 = Debug|Any CPU
		{8E275FAC-8513-4027-A271-6EDD8404E800}.Release|Any CPU.ActiveCfg = Release|Any CPU
		{8E275FAC-8513-4027-A271-6EDD8404E800}.Release|Any CPU.Build.0 = Release|Any CPU
		{78AACB12-E8C1-4B09-A547-DE60AA74D4CF}.Debug|Any CPU.ActiveCfg = Debug|Any CPU
		{78AACB12-E8C1-4B09-A547-DE60AA74D4CF}.Debug|Any CPU.Build.0 = Debug|Any CPU
		{78AACB12-E8C1-4B09-A547-DE60AA74D4CF}.Release|Any CPU.ActiveCfg = Release|Any CPU
		{78AACB12-E8C1-4B09-A547-DE60AA74D4CF}.Release|Any CPU.Build.0 = Release|Any CPU
		{B730DE35-80ED-4372-9D9F-23B14353150C}.Debug|Any CPU.ActiveCfg = Debug|Any CPU
		{B730DE35-80ED-4372-9D9F-23B14353150C}.Debug|Any CPU.Build.0 = Debug|Any CPU
		{B730DE35-80ED-4372-9D9F-23B14353150C}.Release|Any CPU.ActiveCfg = Release|Any CPU
		{B730DE35-80ED-4372-9D9F-23B14353150C}.Release|Any CPU.Build.0 = Release|Any CPU
		{D963131D-96EC-4DF5-8147-D77E75DCAE67}.Debug|Any CPU.ActiveCfg = Debug|Any CPU
		{D963131D-96EC-4DF5-8147-D77E75DCAE67}.Debug|Any CPU.Build.0 = Debug|Any CPU
		{D963131D-96EC-4DF5-8147-D77E75DCAE67}.Release|Any CPU.ActiveCfg = Release|Any CPU
		{D963131D-96EC-4DF5-8147-D77E75DCAE67}.Release|Any CPU.Build.0 = Release|Any CPU
		{B76E800A-C3C1-4E42-AC60-24F70AF304BE}.Debug|Any CPU.ActiveCfg = Debug|Any CPU
		{B76E800A-C3C1-4E42-AC60-24F70AF304BE}.Debug|Any CPU.Build.0 = Debug|Any CPU
		{B76E800A-C3C1-4E42-AC60-24F70AF304BE}.Release|Any CPU.ActiveCfg = Release|Any CPU
		{B76E800A-C3C1-4E42-AC60-24F70AF304BE}.Release|Any CPU.Build.0 = Release|Any CPU
		{C35CAB46-4192-4BED-BB1A-0956B5136E96}.Debug|Any CPU.ActiveCfg = Debug|Any CPU
		{C35CAB46-4192-4BED-BB1A-0956B5136E96}.Debug|Any CPU.Build.0 = Debug|Any CPU
		{C35CAB46-4192-4BED-BB1A-0956B5136E96}.Release|Any CPU.ActiveCfg = Release|Any CPU
		{C35CAB46-4192-4BED-BB1A-0956B5136E96}.Release|Any CPU.Build.0 = Release|Any CPU
		{FE43A9CD-1E5B-4F1F-BA08-A4A7E9A131FD}.Debug|Any CPU.ActiveCfg = Debug|Any CPU
		{FE43A9CD-1E5B-4F1F-BA08-A4A7E9A131FD}.Debug|Any CPU.Build.0 = Debug|Any CPU
		{FE43A9CD-1E5B-4F1F-BA08-A4A7E9A131FD}.Release|Any CPU.ActiveCfg = Release|Any CPU
		{FE43A9CD-1E5B-4F1F-BA08-A4A7E9A131FD}.Release|Any CPU.Build.0 = Release|Any CPU
		{E3A38EF1-E578-453C-B836-4C84695FE7CB}.Debug|Any CPU.ActiveCfg = Debug|Any CPU
		{E3A38EF1-E578-453C-B836-4C84695FE7CB}.Debug|Any CPU.Build.0 = Debug|Any CPU
		{E3A38EF1-E578-453C-B836-4C84695FE7CB}.Release|Any CPU.ActiveCfg = Release|Any CPU
		{E3A38EF1-E578-453C-B836-4C84695FE7CB}.Release|Any CPU.Build.0 = Release|Any CPU
		{8E8B8EFA-3AFE-4D17-B381-8C230A86DB88}.Debug|Any CPU.ActiveCfg = Debug|Any CPU
		{8E8B8EFA-3AFE-4D17-B381-8C230A86DB88}.Debug|Any CPU.Build.0 = Debug|Any CPU
		{8E8B8EFA-3AFE-4D17-B381-8C230A86DB88}.Release|Any CPU.ActiveCfg = Release|Any CPU
		{8E8B8EFA-3AFE-4D17-B381-8C230A86DB88}.Release|Any CPU.Build.0 = Release|Any CPU
		{16BE497A-1ED7-41CD-AD68-BEB0E2A0AC0B}.Debug|Any CPU.ActiveCfg = Debug|Any CPU
		{16BE497A-1ED7-41CD-AD68-BEB0E2A0AC0B}.Debug|Any CPU.Build.0 = Debug|Any CPU
		{16BE497A-1ED7-41CD-AD68-BEB0E2A0AC0B}.Release|Any CPU.ActiveCfg = Release|Any CPU
		{16BE497A-1ED7-41CD-AD68-BEB0E2A0AC0B}.Release|Any CPU.Build.0 = Release|Any CPU
		{0EDD27CB-967F-4451-81AE-309E7F534F1C}.Debug|Any CPU.ActiveCfg = Debug|Any CPU
		{0EDD27CB-967F-4451-81AE-309E7F534F1C}.Debug|Any CPU.Build.0 = Debug|Any CPU
		{0EDD27CB-967F-4451-81AE-309E7F534F1C}.Release|Any CPU.ActiveCfg = Release|Any CPU
		{0EDD27CB-967F-4451-81AE-309E7F534F1C}.Release|Any CPU.Build.0 = Release|Any CPU
		{15D8778B-F83C-4DDF-B30E-8F95F79ACAE8}.Debug|Any CPU.ActiveCfg = Debug|Any CPU
		{15D8778B-F83C-4DDF-B30E-8F95F79ACAE8}.Debug|Any CPU.Build.0 = Debug|Any CPU
		{15D8778B-F83C-4DDF-B30E-8F95F79ACAE8}.Release|Any CPU.ActiveCfg = Release|Any CPU
		{15D8778B-F83C-4DDF-B30E-8F95F79ACAE8}.Release|Any CPU.Build.0 = Release|Any CPU
		{D1ABF6E9-AD2C-4068-A86F-D35E78C187B7}.Debug|Any CPU.ActiveCfg = Debug|Any CPU
		{D1ABF6E9-AD2C-4068-A86F-D35E78C187B7}.Debug|Any CPU.Build.0 = Debug|Any CPU
		{D1ABF6E9-AD2C-4068-A86F-D35E78C187B7}.Release|Any CPU.ActiveCfg = Release|Any CPU
		{D1ABF6E9-AD2C-4068-A86F-D35E78C187B7}.Release|Any CPU.Build.0 = Release|Any CPU
		{A7DC0511-DE0A-4EC2-8CC1-197FB81D7A76}.Debug|Any CPU.ActiveCfg = Debug|Any CPU
		{A7DC0511-DE0A-4EC2-8CC1-197FB81D7A76}.Debug|Any CPU.Build.0 = Debug|Any CPU
		{A7DC0511-DE0A-4EC2-8CC1-197FB81D7A76}.Release|Any CPU.ActiveCfg = Release|Any CPU
		{A7DC0511-DE0A-4EC2-8CC1-197FB81D7A76}.Release|Any CPU.Build.0 = Release|Any CPU
		{F6B3A24B-CDA2-4CC1-9F68-380203355099}.Debug|Any CPU.ActiveCfg = Debug|Any CPU
		{F6B3A24B-CDA2-4CC1-9F68-380203355099}.Debug|Any CPU.Build.0 = Debug|Any CPU
		{F6B3A24B-CDA2-4CC1-9F68-380203355099}.Release|Any CPU.ActiveCfg = Release|Any CPU
		{F6B3A24B-CDA2-4CC1-9F68-380203355099}.Release|Any CPU.Build.0 = Release|Any CPU
		{70DB749B-255A-4B71-8B76-BAD6B091DA7C}.Debug|Any CPU.ActiveCfg = Debug|Any CPU
		{70DB749B-255A-4B71-8B76-BAD6B091DA7C}.Debug|Any CPU.Build.0 = Debug|Any CPU
		{70DB749B-255A-4B71-8B76-BAD6B091DA7C}.Release|Any CPU.ActiveCfg = Release|Any CPU
		{70DB749B-255A-4B71-8B76-BAD6B091DA7C}.Release|Any CPU.Build.0 = Release|Any CPU
		{0CF48F14-6FC3-4AD9-875D-27A96DAB34D3}.Debug|Any CPU.ActiveCfg = Debug|Any CPU
		{0CF48F14-6FC3-4AD9-875D-27A96DAB34D3}.Debug|Any CPU.Build.0 = Debug|Any CPU
		{0CF48F14-6FC3-4AD9-875D-27A96DAB34D3}.Release|Any CPU.ActiveCfg = Release|Any CPU
		{0CF48F14-6FC3-4AD9-875D-27A96DAB34D3}.Release|Any CPU.Build.0 = Release|Any CPU
		{BBD79F15-66E1-47A2-819E-A0644F514E40}.Debug|Any CPU.ActiveCfg = Debug|Any CPU
		{BBD79F15-66E1-47A2-819E-A0644F514E40}.Debug|Any CPU.Build.0 = Debug|Any CPU
		{BBD79F15-66E1-47A2-819E-A0644F514E40}.Release|Any CPU.ActiveCfg = Release|Any CPU
		{BBD79F15-66E1-47A2-819E-A0644F514E40}.Release|Any CPU.Build.0 = Release|Any CPU
	EndGlobalSection
	GlobalSection(SolutionProperties) = preSolution
		HideSolutionNode = FALSE
	EndGlobalSection
	GlobalSection(NestedProjects) = preSolution
		{A930D0EF-8D15-447B-B8BC-32D29F06CF18} = {02ADBA96-A50C-44F0-A9D9-FA0629AA2DF4}
		{CC5370E0-290A-424B-8AB1-E022AC303479} = {73FF6DBD-5847-4F2D-94BE-196AE9A80228}
		{F758A7A6-F048-4B68-AA6A-35851F3048AE} = {02ADBA96-A50C-44F0-A9D9-FA0629AA2DF4}
		{8E275FAC-8513-4027-A271-6EDD8404E800} = {73FF6DBD-5847-4F2D-94BE-196AE9A80228}
		{78AACB12-E8C1-4B09-A547-DE60AA74D4CF} = {73FF6DBD-5847-4F2D-94BE-196AE9A80228}
		{B730DE35-80ED-4372-9D9F-23B14353150C} = {50CA144B-F3EE-4FFC-B07C-C0E5959DAA82}
		{D963131D-96EC-4DF5-8147-D77E75DCAE67} = {50CA144B-F3EE-4FFC-B07C-C0E5959DAA82}
		{B76E800A-C3C1-4E42-AC60-24F70AF304BE} = {50CA144B-F3EE-4FFC-B07C-C0E5959DAA82}
		{C35CAB46-4192-4BED-BB1A-0956B5136E96} = {73FF6DBD-5847-4F2D-94BE-196AE9A80228}
		{50CA144B-F3EE-4FFC-B07C-C0E5959DAA82} = {73FF6DBD-5847-4F2D-94BE-196AE9A80228}
		{E3A38EF1-E578-453C-B836-4C84695FE7CB} = {615A7979-79AD-4485-805F-3F4B772510CD}
		{FE43A9CD-1E5B-4F1F-BA08-A4A7E9A131FD} = {615A7979-79AD-4485-805F-3F4B772510CD}
		{8E8B8EFA-3AFE-4D17-B381-8C230A86DB88} = {02ADBA96-A50C-44F0-A9D9-FA0629AA2DF4}
		{16BE497A-1ED7-41CD-AD68-BEB0E2A0AC0B} = {02ADBA96-A50C-44F0-A9D9-FA0629AA2DF4}
		{15D8778B-F83C-4DDF-B30E-8F95F79ACAE8} = {02ADBA96-A50C-44F0-A9D9-FA0629AA2DF4}
		{D1ABF6E9-AD2C-4068-A86F-D35E78C187B7} = {615A7979-79AD-4485-805F-3F4B772510CD}
		{A7DC0511-DE0A-4EC2-8CC1-197FB81D7A76} = {02ADBA96-A50C-44F0-A9D9-FA0629AA2DF4}
		{F6B3A24B-CDA2-4CC1-9F68-380203355099} = {873772C5-60B9-442B-B06E-C279919B963C}
		{0EDD27CB-967F-4451-81AE-309E7F534F1C} = {A1DD69B3-DC35-43CF-AE14-D751722F074A}
		{70DB749B-255A-4B71-8B76-BAD6B091DA7C} = {02ADBA96-A50C-44F0-A9D9-FA0629AA2DF4}
		{0CF48F14-6FC3-4AD9-875D-27A96DAB34D3} = {A1DD69B3-DC35-43CF-AE14-D751722F074A}
		{BBD79F15-66E1-47A2-819E-A0644F514E40} = {02ADBA96-A50C-44F0-A9D9-FA0629AA2DF4}
	EndGlobalSection
	GlobalSection(ExtensibilityGlobals) = postSolution
		SolutionGuid = {4FFA80F9-ADC6-40DB-BBD1-A522B8A68560}
	EndGlobalSection
EndGlobal
